{
    "_readme": [
        "This file locks the dependencies of your project to a known state",
        "Read more about it at https://getcomposer.org/doc/01-basic-usage.md#installing-dependencies",
        "This file is @generated automatically"
    ],
    "content-hash": "ae859491d67d1f7ad74eec2a97b88fc8",
    "packages": [
        {
            "name": "hisamu/php-xbase",
            "version": "dev-master",
            "source": {
                "type": "git",
                "url": "https://github.com/luads/php-xbase.git",
                "reference": "ebdb8036688f1f2318c6b19a0cbc69a23fb22c34"
            },
            "dist": {
                "type": "zip",
                "url": "https://api.github.com/repos/luads/php-xbase/zipball/ebdb8036688f1f2318c6b19a0cbc69a23fb22c34",
                "reference": "ebdb8036688f1f2318c6b19a0cbc69a23fb22c34",
                "shasum": ""
            },
            "require": {
                "ext-iconv": "*",
                "php": ">=7.1"
            },
            "require-dev": {
                "php-coveralls/php-coveralls": "^2.2",
                "phpunit/phpunit": "^7.0||^8.0||^9.0"
            },
            "type": "library",
            "extra": {
                "branch-alias": {
                    "dev-master": "1.3.x-dev"
                }
            },
            "autoload": {
                "psr-4": {
                    "XBase\\": "src/XBase"
                }
            },
            "notification-url": "https://packagist.org/downloads/",
            "license": [
                "MIT"
            ],
            "authors": [
                {
                    "name": "Luã de Souza",
                    "email": "lsouza@codeinc.com.br"
                },
                {
                    "name": "Erwin Kooi",
                    "email": "info@cyane.nl"
                }
            ],
            "description": "A simple parser for *.dbf, *.fpt files using PHP",
            "homepage": "https://github.com/luads/php-xbase",
            "keywords": [
                "dbase",
                "dbf",
                "foxpro"
            ],
            "time": "2020-11-05T09:59:19+00:00"
        }
    ],
    "packages-dev": [],
    "aliases": [],
    "minimum-stability": "dev",
    "stability-flags": {
        "hisamu/php-xbase": 20
    },
    "prefer-stable": false,
    "prefer-lowest": false,
    "platform": [],
    "platform-dev": [],
    "plugin-api-version": "1.1.0"
}
